{
  "originHash" : "a0e7c8e02f923b679180e347f7fdac90c95fc27903ff96ecee91f17a7815ce78",
  "pins" : [
    {
      "identity" : "swift-package-manager-google-mobile-ads",
      "kind" : "remoteSourceControl",
      "location" : "https://github.com/googleads/swift-package-manager-google-mobile-ads",
      "state" : {
        "revision" : "1e60477cbc4c4868ec8414524f8cd163132753ff",
        "version" : "11.10.0"
      }
    },
    {
      "identity" : "swift-package-manager-google-user-messaging-platform",
      "kind" : "remoteSourceControl",
      "location" : "https://github.com/googleads/swift-package-manager-google-user-messaging-platform.git",
      "state" : {
        "revision" : "74f2ec169551c3b924947b473716142a0b983e10",
        "version" : "2.6.0"
      }
    }
  ],
  "version" : 3
}
